{
  "version": "5",
  "specifiers": {
    "jsr:@deno/sandbox@~0.13.2": "0.13.2",
    "jsr:@std/assert@1": "1.0.19",
    "jsr:@std/dotenv@~0.225.8": "0.225.8",
    "jsr:@std/fs@^1.0.19": "1.0.24",
    "jsr:@std/internal@^1.0.12": "1.0.14",
    "jsr:@std/internal@^1.0.14": "1.0.14",
    "jsr:@std/path@^1.1.2": "1.1.5",
    "jsr:@std/path@^1.1.5": "1.1.5",
    "npm:@types/ws@^8.18.1": "8.18.1",
    "npm:ws@^8.18.3": "8.21.0",
    "npm:zod@^4.1.5": "4.4.3"
  },
  "jsr": {
    "@deno/sandbox@0.13.2": {
      "integrity": "c24c7eb9cc00b94954ebffb4ee4f685ef731e6026788044f9eb8a1aa9bfc2cd8",
      "dependencies": [
        "jsr:@std/fs",
        "jsr:@std/path@^1.1.2",
        "npm:@types/ws",
        "npm:ws",
        "npm:zod"
      ]
    },
    "@std/assert@1.0.19": {
      "integrity": "eaada96ee120cb980bc47e040f82814d786fe8162ecc53c91d8df60b8755991e",
      "dependencies": [
        "jsr:@std/internal@^1.0.12"
      ]
    },
    "@std/dotenv@0.225.8": {
      "integrity": "27b8c1a9d00cbf938345a5924487c04d9b27bdd7e7bd1983f54bcf76d0a0174a"
    },
    "@std/fs@1.0.24": {
      "integrity": "f3061b45b81673a2bece689da041df32d174be064c89eb6397fb5718d3fb7877",
      "dependencies": [
        "jsr:@std/internal@^1.0.14",
        "jsr:@std/path@^1.1.5"
      ]
    },
    "@std/internal@1.0.14": {
      "integrity": "291516b3d4c35024d6ffbc0a9df5bf4c64116e05b50012cf846710152d2ffdf7"
    },
    "@std/path@1.1.5": {
      "integrity": "ccea00982ea28c36becaf6e62f855406c76a8c32d462f66f415bbb7d83a271bc",
      "dependencies": [
        "jsr:@std/internal@^1.0.14"
      ]
    }
  },
  "npm": {
    "@types/node@26.0.0": {
      "integrity": "sha512-vf2YFi1iY9lHGwNJMs01biZFbKJkrZR1T6/MlzjhJLPdntOHLhTrDSnSVcdtvjihi4VQNlrFRIxLsDBlQpAipA==",
      "dependencies": [
        "undici-types"
      ]
    },
    "@types/ws@8.18.1": {
      "integrity": "sha512-ThVF6DCVhA8kUGy+aazFQ4kXQ7E1Ty7A3ypFOe0IcJV8O/M511G99AW24irKrW56Wt44yG9+ij8FaqoBGkuBXg==",
      "dependencies": [
        "@types/node"
      ]
    },
    "undici-types@8.3.0": {
      "integrity": "sha512-j375ScV60dom+YkPFIfTLcOiPxkN/buHz5GobjLhixFuANaNs3C9l4GmrWqejgXWJ7BbJcFYpTEUkS1Ge8bpZQ=="
    },
    "ws@8.21.0": {
      "integrity": "sha512-Vsp28b7DRcimFQvrqu2Wek3z1iYxDCWqHYB8Qsnk/S4RfaCQzPGPyBNuVjJV3cd6UiKtUtp6sNM77gWvzcCH+g=="
    },
    "zod@4.4.3": {
      "integrity": "sha512-ytENFjIJFl2UwYglde2jchW2Hwm4GJFLDiSXWdTrJQBIN9Fcyp7n4DhxJEiWNAJMV1/BqWfW/kkg71UDcHJyTQ=="
    }
  },
  "workspace": {
    "dependencies": [
      "jsr:@deno/sandbox@~0.13.2",
      "jsr:@std/assert@1",
      "jsr:@std/dotenv@~0.225.8"
    ]
  }
}
